// !$*UTF8*$!
{
	archiveVersion = 1;
	classes = {
	};
	objectVersion = 55;
	objects = {

/* Begin PBXBuildFile section */
		9BD06731271A9AB900325F4F /* KeyFolderApp.swift in Sources */ = {isa = PBXBuildFile; fileRef = 9BD06730271A9AB900325F4F /* KeyFolderApp.swift */; };
		9BD06735271A9ABA00325F4F /* Assets.xcassets in Resources */ = {isa = PBXBuildFile; fileRef = 9BD06734271A9ABA00325F4F /* Assets.xcassets */; };
		9BD06738271A9ABA00325F4F /* Preview Assets.xcassets in Resources */ = {isa = PBXBuildFile; fileRef = 9BD06737271A9ABA00325F4F /* Preview Assets.xcassets */; };
		9BD06742271A9ABA00325F4F /* KeyFolderTests.swift in Sources */ = {isa = PBXBuildFile; fileRef = 9BD06741271A9ABA00325F4F /* KeyFolderTests.swift */; };
		9BD0674C271A9ABB00325F4F /* KeyFolderUITests.swift in Sources */ = {isa = PBXBuildFile; fileRef = 9BD0674B271A9ABB00325F4F /* KeyFolderUITests.swift */; };
		9BD0674E271A9ABB00325F4F /* KeyFolderUITestsLaunchTests.swift in Sources */ = {isa = PBXBuildFile; fileRef = 9BD0674D271A9ABB00325F4F /* KeyFolderUITestsLaunchTests.swift */; };
		9BD0675C271A9AE200325F4F /* PasscodeView.swift in Sources */ = {isa = PBXBuildFile; fileRef = 9BD0675B271A9AE200325F4F /* PasscodeView.swift */; };
		9BD0675E271AA74A00325F4F /* FolderListView.swift in Sources */ = {isa = PBXBuildFile; fileRef = 9BD0675D271AA74A00325F4F /* FolderListView.swift */; };
		9BD06761271AA78000325F4F /* Folder.swift in Sources */ = {isa = PBXBuildFile; fileRef = 9BD06760271AA78000325F4F /* Folder.swift */; };
		9BD06765271AAB6400325F4F /* Entry.swift in Sources */ = {isa = PBXBuildFile; fileRef = 9BD06764271AAB6400325F4F /* Entry.swift */; };
		9BD06767271AAB7300325F4F /* EntryListView.swift in Sources */ = {isa = PBXBuildFile; fileRef = 9BD06766271AAB7300325F4F /* EntryListView.swift */; };
		9BD0676B271ABAC200325F4F /* sky.mp4 in Resources */ = {isa = PBXBuildFile; fileRef = 9BD06769271ABAC200325F4F /* sky.mp4 */; };
		9BD0676C271ABAC200325F4F /* city.jpg in Resources */ = {isa = PBXBuildFile; fileRef = 9BD0676A271ABAC200325F4F /* city.jpg */; };
		9BD0676E271ABB3600325F4F /* AppDelegate.swift in Sources */ = {isa = PBXBuildFile; fileRef = 9BD0676D271ABB3600325F4F /* AppDelegate.swift */; };
		9BD06770271AF3A000325F4F /* Store.swift in Sources */ = {isa = PBXBuildFile; fileRef = 9BD0676F271AF3A000325F4F /* Store.swift */; };
		9BD06772271B178F00325F4F /* FolderFormView.swift in Sources */ = {isa = PBXBuildFile; fileRef = 9BD06771271B178F00325F4F /* FolderFormView.swift */; };
		9BD06775271B17A700325F4F /* EntryFormView.swift in Sources */ = {isa = PBXBuildFile; fileRef = 9BD06774271B17A700325F4F /* EntryFormView.swift */; };
		9BD06777271B93CA00325F4F /* QuickLookView.swift in Sources */ = {isa = PBXBuildFile; fileRef = 9BD06776271B93CA00325F4F /* QuickLookView.swift */; };
		9BD0679A271BC63500325F4F /* ImagePickerView.swift in Sources */ = {isa = PBXBuildFile; fileRef = 9BD06799271BC63500325F4F /* ImagePickerView.swift */; };
		9BE8DACB2720407C0055F5C1 /* Passcode.swift in Sources */ = {isa = PBXBuildFile; fileRef = 9BE8DACA2720407C0055F5C1 /* Passcode.swift */; };
/* End PBXBuildFile section */

/* Begin PBXContainerItemProxy section */
		9BD0673E271A9ABA00325F4F /* PBXContainerItemProxy */ = {
			isa = PBXContainerItemProxy;
			containerPortal = 9BD06725271A9AB900325F4F /* Project object */;
			proxyType = 1;
			remoteGlobalIDString = 9BD0672C271A9AB900325F4F;
			remoteInfo = KeyFolder;
		};
		9BD06748271A9ABB00325F4F /* PBXContainerItemProxy */ = {
			isa = PBXContainerItemProxy;
			containerPortal = 9BD06725271A9AB900325F4F /* Project object */;
			proxyType = 1;
			remoteGlobalIDString = 9BD0672C271A9AB900325F4F;
			remoteInfo = KeyFolder;
		};
/* End PBXContainerItemProxy section */

/* Begin PBXFileReference section */
		9BD0672D271A9AB900325F4F /* KeyFolder.app */ = {isa = PBXFileReference; explicitFileType = wrapper.application; includeInIndex = 0; path = KeyFolder.app; sourceTree = BUILT_PRODUCTS_DIR; };
		9BD06730271A9AB900325F4F /* KeyFolderApp.swift */ = {isa = PBXFileReference; lastKnownFileType = sourcecode.swift; path = KeyFolderApp.swift; sourceTree = "<group>"; };
		9BD06734271A9ABA00325F4F /* Assets.xcassets */ = {isa = PBXFileReference; lastKnownFileType = folder.assetcatalog; path = Assets.xcassets; sourceTree = "<group>"; };
		9BD06737271A9ABA00325F4F /* Preview Assets.xcassets */ = {isa = PBXFileReference; lastKnownFileType = folder.assetcatalog; path = "Preview Assets.xcassets"; sourceTree = "<group>"; };
		9BD0673D271A9ABA00325F4F /* KeyFolderTests.xctest */ = {isa = PBXFileReference; explicitFileType = wrapper.cfbundle; includeInIndex = 0; path = KeyFolderTests.xctest; sourceTree = BUILT_PRODUCTS_DIR; };
		9BD06741271A9ABA00325F4F /* KeyFolderTests.swift */ = {isa = PBXFileReference; lastKnownFileType = sourcecode.swift; path = KeyFolderTests.swift; sourceTree = "<group>"; };
		9BD06747271A9ABB00325F4F /* KeyFolderUITests.xctest */ = {isa = PBXFileReference; explicitFileType = wrapper.cfbundle; includeInIndex = 0; path = KeyFolderUITests.xctest; sourceTree = BUILT_PRODUCTS_DIR; };
		9BD0674B271A9ABB00325F4F /* KeyFolderUITests.swift */ = {isa = PBXFileReference; lastKnownFileType = sourcecode.swift; path = KeyFolderUITests.swift; sourceTree = "<group>"; };
		9BD0674D271A9ABB00325F4F /* KeyFolderUITestsLaunchTests.swift */ = {isa = PBXFileReference; lastKnownFileType = sourcecode.swift; path = KeyFolderUITestsLaunchTests.swift; sourceTree = "<group>"; };
		9BD0675B271A9AE200325F4F /* PasscodeView.swift */ = {isa = PBXFileReference; lastKnownFileType = sourcecode.swift; path = PasscodeView.swift; sourceTree = "<group>"; };
		9BD0675D271AA74A00325F4F /* FolderListView.swift */ = {isa = PBXFileReference; lastKnownFileType = sourcecode.swift; path = FolderListView.swift; sourceTree = "<group>"; };
		9BD06760271AA78000325F4F /* Folder.swift */ = {isa = PBXFileReference; lastKnownFileType = sourcecode.swift; path = Folder.swift; sourceTree = "<group>"; };
		9BD06764271AAB6400325F4F /* Entry.swift */ = {isa = PBXFileReference; lastKnownFileType = sourcecode.swift; path = Entry.swift; sourceTree = "<group>"; };
		9BD06766271AAB7300325F4F /* EntryListView.swift */ = {isa = PBXFileReference; lastKnownFileType = sourcecode.swift; path = EntryListView.swift; sourceTree = "<group>"; };
		9BD06769271ABAC200325F4F /* sky.mp4 */ = {isa = PBXFileReference; lastKnownFileType = file; path = sky.mp4; sourceTree = "<group>"; };
		9BD0676A271ABAC200325F4F /* city.jpg */ = {isa = PBXFileReference; lastKnownFileType = image.jpeg; path = city.jpg; sourceTree = "<group>"; };
		9BD0676D271ABB3600325F4F /* AppDelegate.swift */ = {isa = PBXFileReference; lastKnownFileType = sourcecode.swift; path = AppDelegate.swift; sourceTree = "<group>"; };
		9BD0676F271AF3A000325F4F /* Store.swift */ = {isa = PBXFileReference; lastKnownFileType = sourcecode.swift; path = Store.swift; sourceTree = "<group>"; };
		9BD06771271B178F00325F4F /* FolderFormView.swift */ = {isa = PBXFileReference; lastKnownFileType = sourcecode.swift; path = FolderFormView.swift; sourceTree = "<group>"; };
		9BD06774271B17A700325F4F /* EntryFormView.swift */ = {isa = PBXFileReference; lastKnownFileType = sourcecode.swift; path = EntryFormView.swift; sourceTree = "<group>"; };
		9BD06776271B93CA00325F4F /* QuickLookView.swift */ = {isa = PBXFileReference; lastKnownFileType = sourcecode.swift; path = QuickLookView.swift; sourceTree = "<group>"; };
		9BD06799271BC63500325F4F /* ImagePickerView.swift */ = {isa = PBXFileReference; lastKnownFileType = sourcecode.swift; path = ImagePickerView.swift; sourceTree = "<group>"; };
		9BE8DACA2720407C0055F5C1 /* Passcode.swift */ = {isa = PBXFileReference; lastKnownFileType = sourcecode.swift; path = Passcode.swift; sourceTree = "<group>"; };
		9BE8DACF2720509F0055F5C1 /* Info.plist */ = {isa = PBXFileReference; lastKnownFileType = text.plist; path = Info.plist; sourceTree = "<group>"; };
/* End PBXFileReference section */

/* Begin PBXFrameworksBuildPhase section */
		9BD0672A271A9AB900325F4F /* Frameworks */ = {
			isa = PBXFrameworksBuildPhase;
			buildActionMask = 2147483647;
			files = (
			);
			runOnlyForDeploymentPostprocessing = 0;
		};
		9BD0673A271A9ABA00325F4F /* Frameworks */ = {
			isa = PBXFrameworksBuildPhase;
			buildActionMask = 2147483647;
			files = (
			);
			runOnlyForDeploymentPostprocessing = 0;
		};
		9BD06744271A9ABB00325F4F /* Frameworks */ = {
			isa = PBXFrameworksBuildPhase;
			buildActionMask = 2147483647;
			files = (
			);
			runOnlyForDeploymentPostprocessing = 0;
		};
/* End PBXFrameworksBuildPhase section */

/* Begin PBXGroup section */
		9BD06724271A9AB900325F4F = {
			isa = PBXGroup;
			children = (
				9BD0672F271A9AB900325F4F /* KeyFolder */,
				9BD06740271A9ABA00325F4F /* KeyFolderTests */,
				9BD0674A271A9ABB00325F4F /* KeyFolderUITests */,
				9BD0672E271A9AB900325F4F /* Products */,
			);
			sourceTree = "<group>";
		};
		9BD0672E271A9AB900325F4F /* Products */ = {
			isa = PBXGroup;
			children = (
				9BD0672D271A9AB900325F4F /* KeyFolder.app */,
				9BD0673D271A9ABA00325F4F /* KeyFolderTests.xctest */,
				9BD06747271A9ABB00325F4F /* KeyFolderUITests.xctest */,
			);
			name = Products;
			sourceTree = "<group>";
		};
		9BD0672F271A9AB900325F4F /* KeyFolder */ = {
			isa = PBXGroup;
			children = (
				9BE8DACF2720509F0055F5C1 /* Info.plist */,
				9BD06768271ABA8200325F4F /* Resources */,
				9BD0675F271AA76C00325F4F /* Models */,
				9BD0675A271A9AD200325F4F /* Views */,
				9BD06730271A9AB900325F4F /* KeyFolderApp.swift */,
				9BD0676D271ABB3600325F4F /* AppDelegate.swift */,
				9BD06734271A9ABA00325F4F /* Assets.xcassets */,
				9BD06736271A9ABA00325F4F /* Preview Content */,
			);
			path = KeyFolder;
			sourceTree = "<group>";
		};
		9BD06736271A9ABA00325F4F /* Preview Content */ = {
			isa = PBXGroup;
			children = (
				9BD06737271A9ABA00325F4F /* Preview Assets.xcassets */,
			);
			path = "Preview Content";
			sourceTree = "<group>";
		};
		9BD06740271A9ABA00325F4F /* KeyFolderTests */ = {
			isa = PBXGroup;
			children = (
				9BD06741271A9ABA00325F4F /* KeyFolderTests.swift */,
			);
			path = KeyFolderTests;
			sourceTree = "<group>";
		};
		9BD0674A271A9ABB00325F4F /* KeyFolderUITests */ = {
			isa = PBXGroup;
			children = (
				9BD0674B271A9ABB00325F4F /* KeyFolderUITests.swift */,
				9BD0674D271A9ABB00325F4F /* KeyFolderUITestsLaunchTests.swift */,
			);
			path = KeyFolderUITests;
			sourceTree = "<group>";
		};
		9BD0675A271A9AD200325F4F /* Views */ = {
			isa = PBXGroup;
			children = (
				9BD0675B271A9AE200325F4F /* PasscodeView.swift */,
				9BD0675D271AA74A00325F4F /* FolderListView.swift */,
				9BD06766271AAB7300325F4F /* EntryListView.swift */,
				9BD06771271B178F00325F4F /* FolderFormView.swift */,
				9BD06774271B17A700325F4F /* EntryFormView.swift */,
				9BD06776271B93CA00325F4F /* QuickLookView.swift */,
				9BD06799271BC63500325F4F /* ImagePickerView.swift */,
			);
			path = Views;
			sourceTree = "<group>";
		};
		9BD0675F271AA76C00325F4F /* Models */ = {
			isa = PBXGroup;
			children = (
				9BD06760271AA78000325F4F /* Folder.swift */,
				9BD06764271AAB6400325F4F /* Entry.swift */,
				9BD0676F271AF3A000325F4F /* Store.swift */,
				9BE8DACA2720407C0055F5C1 /* Passcode.swift */,
			);
			path = Models;
			sourceTree = "<group>";
		};
		9BD06768271ABA8200325F4F /* Resources */ = {
			isa = PBXGroup;
			children = (
				9BD0676A271ABAC200325F4F /* city.jpg */,
				9BD06769271ABAC200325F4F /* sky.mp4 */,
			);
			path = Resources;
			sourceTree = "<group>";
		};
/* End PBXGroup section */

/* Begin PBXNativeTarget section */
		9BD0672C271A9AB900325F4F /* KeyFolder */ = {
			isa = PBXNativeTarget;
			buildConfigurationList = 9BD06751271A9ABB00325F4F /* Build configuration list for PBXNativeTarget "KeyFolder" */;
			buildPhases = (
				9BD06729271A9AB900325F4F /* Sources */,
				9BD0672A271A9AB900325F4F /* Frameworks */,
				9BD0672B271A9AB900325F4F /* Resources */,
			);
			buildRules = (
			);
			dependencies = (
			);
			name = KeyFolder;
			productName = KeyFolder;
			productReference = 9BD0672D271A9AB900325F4F /* KeyFolder.app */;
			productType = "com.apple.product-type.application";
		};
		9BD0673C271A9ABA00325F4F /* KeyFolderTests */ = {
			isa = PBXNativeTarget;
			buildConfigurationList = 9BD06754271A9ABB00325F4F /* Build configuration list for PBXNativeTarget "KeyFolderTests" */;
			buildPhases = (
				9BD06739271A9ABA00325F4F /* Sources */,
				9BD0673A271A9ABA00325F4F /* Frameworks */,
				9BD0673B271A9ABA00325F4F /* Resources */,
			);
			buildRules = (
			);
			dependencies = (
				9BD0673F271A9ABA00325F4F /* PBXTargetDependency */,
			);
			name = KeyFolderTests;
			productName = KeyFolderTests;
			productReference = 9BD0673D271A9ABA00325F4F /* KeyFolderTests.xctest */;
			productType = "com.apple.product-type.bundle.unit-test";
		};
		9BD06746271A9ABB00325F4F /* KeyFolderUITests */ = {
			isa = PBXNativeTarget;
			buildConfigurationList = 9BD06757271A9ABB00325F4F /* Build configuration list for PBXNativeTarget "KeyFolderUITests" */;
			buildPhases = (
				9BD06743271A9ABB00325F4F /* Sources */,
				9BD06744271A9ABB00325F4F /* Frameworks */,
				9BD06745271A9ABB00325F4F /* Resources */,
			);
			buildRules = (
			);
			dependencies = (
				9BD06749271A9ABB00325F4F /* PBXTargetDependency */,
			);
			name = KeyFolderUITests;
			productName = KeyFolderUITests;
			productReference = 9BD06747271A9ABB00325F4F /* KeyFolderUITests.xctest */;
			productType = "com.apple.product-type.bundle.ui-testing";
		};
/* End PBXNativeTarget section */

/* Begin PBXProject section */
		9BD06725271A9AB900325F4F /* Project object */ = {
			isa = PBXProject;
			attributes = {
				BuildIndependentTargetsInParallel = 1;
				LastSwiftUpdateCheck = 1300;
				LastUpgradeCheck = 1300;
				TargetAttributes = {
					9BD0672C271A9AB900325F4F = {
						CreatedOnToolsVersion = 13.0;
					};
					9BD0673C271A9ABA00325F4F = {
						CreatedOnToolsVersion = 13.0;
						TestTargetID = 9BD0672C271A9AB900325F4F;
					};
					9BD06746271A9ABB00325F4F = {
						CreatedOnToolsVersion = 13.0;
						TestTargetID = 9BD0672C271A9AB900325F4F;
					};
				};
			};
			buildConfigurationList = 9BD06728271A9AB900325F4F /* Build configuration list for PBXProject "KeyFolder" */;
			compatibilityVersion = "Xcode 13.0";
			developmentRegion = en;
			hasScannedForEncodings = 0;
			knownRegions = (
				en,
				Base,
			);
			mainGroup = 9BD06724271A9AB900325F4F;
			productRefGroup = 9BD0672E271A9AB900325F4F /* Products */;
			projectDirPath = "";
			projectRoot = "";
			targets = (
				9BD0672C271A9AB900325F4F /* KeyFolder */,
				9BD0673C271A9ABA00325F4F /* KeyFolderTests */,
				9BD06746271A9ABB00325F4F /* KeyFolderUITests */,
			);
		};
/* End PBXProject section */

/* Begin PBXResourcesBuildPhase section */
		9BD0672B271A9AB900325F4F /* Resources */ = {
			isa = PBXResourcesBuildPhase;
			buildActionMask = 2147483647;
			files = (
				9BD0676C271ABAC200325F4F /* city.jpg in Resources */,
				9BD0676B271ABAC200325F4F /* sky.mp4 in Resources */,
				9BD06738271A9ABA00325F4F /* Preview Assets.xcassets in Resources */,
				9BD06735271A9ABA00325F4F /* Assets.xcassets in Resources */,
			);
			runOnlyForDeploymentPostprocessing = 0;
		};
		9BD0673B271A9ABA00325F4F /* Resources */ = {
			isa = PBXResourcesBuildPhase;
			buildActionMask = 2147483647;
			files = (
			);
			runOnlyForDeploymentPostprocessing = 0;
		};
		9BD06745271A9ABB00325F4F /* Resources */ = {
			isa = PBXResourcesBuildPhase;
			buildActionMask = 2147483647;
			files = (
			);
			runOnlyForDeploymentPostprocessing = 0;
		};
/* End PBXResourcesBuildPhase section */

/* Begin PBXSourcesBuildPhase section */
		9BD06729271A9AB900325F4F /* Sources */ = {
			isa = PBXSourcesBuildPhase;
			buildActionMask = 2147483647;
			files = (
				9BD06772271B178F00325F4F /* FolderFormView.swift in Sources */,
				9BD06775271B17A700325F4F /* EntryFormView.swift in Sources */,
				9BD06765271AAB6400325F4F /* Entry.swift in Sources */,
				9BD0675C271A9AE200325F4F /* PasscodeView.swift in Sources */,
				9BD0679A271BC63500325F4F /* ImagePickerView.swift in Sources */,
				9BD06761271AA78000325F4F /* Folder.swift in Sources */,
				9BD06770271AF3A000325F4F /* Store.swift in Sources */,
				9BD06777271B93CA00325F4F /* QuickLookView.swift in Sources */,
				9BE8DACB2720407C0055F5C1 /* Passcode.swift in Sources */,
				9BD0675E271AA74A00325F4F /* FolderListView.swift in Sources */,
				9BD0676E271ABB3600325F4F /* AppDelegate.swift in Sources */,
				9BD06731271A9AB900325F4F /* KeyFolderApp.swift in Sources */,
				9BD06767271AAB7300325F4F /* EntryListView.swift in Sources */,
			);
			runOnlyForDeploymentPostprocessing = 0;
		};
		9BD06739271A9ABA00325F4F /* Sources */ = {
			isa = PBXSourcesBuildPhase;
			buildActionMask = 2147483647;
			files = (
				9BD06742271A9ABA00325F4F /* KeyFolderTests.swift in Sources */,
			);
			runOnlyForDeploymentPostprocessing = 0;
		};
		9BD06743271A9ABB00325F4F /* Sources */ = {
			isa = PBXSourcesBuildPhase;
			buildActionMask = 2147483647;
			files = (
				9BD0674E271A9ABB00325F4F /* KeyFolderUITestsLaunchTests.swift in Sources */,
				9BD0674C271A9ABB00325F4F /* KeyFolderUITests.swift in Sources */,
			);
			runOnlyForDeploymentPostprocessing = 0;
		};
/* End PBXSourcesBuildPhase section */

/* Begin PBXTargetDependency section */
		9BD0673F271A9ABA00325F4F /* PBXTargetDependency */ = {
			isa = PBXTargetDependency;
			target = 9BD0672C271A9AB900325F4F /* KeyFolder */;
			targetProxy = 9BD0673E271A9ABA00325F4F /* PBXContainerItemProxy */;
		};
		9BD06749271A9ABB00325F4F /* PBXTargetDependency */ = {
			isa = PBXTargetDependency;
			target = 9BD0672C271A9AB900325F4F /* KeyFolder */;
			targetProxy = 9BD06748271A9ABB00325F4F /* PBXContainerItemProxy */;
		};
/* End PBXTargetDependency section */

/* Begin XCBuildConfiguration section */
		9BD0674F271A9ABB00325F4F /* Debug */ = {
			isa = XCBuildConfiguration;
			buildSettings = {
				ALWAYS_SEARCH_USER_PATHS = NO;
				CLANG_ANALYZER_NONNULL = YES;
				CLANG_ANALYZER_NUMBER_OBJECT_CONVERSION = YES_AGGRESSIVE;
				CLANG_CXX_LANGUAGE_STANDARD = "gnu++17";
				CLANG_CXX_LIBRARY = "libc++";
				CLANG_ENABLE_MODULES = YES;
				CLANG_ENABLE_OBJC_ARC = YES;
				CLANG_ENABLE_OBJC_WEAK = YES;
				CLANG_WARN_BLOCK_CAPTURE_AUTORELEASING = YES;
				CLANG_WARN_BOOL_CONVERSION = YES;
				CLANG_WARN_COMMA = YES;
				CLANG_WARN_CONSTANT_CONVERSION = YES;
				CLANG_WARN_DEPRECATED_OBJC_IMPLEMENTATIONS = YES;
				CLANG_WARN_DIRECT_OBJC_ISA_USAGE = YES_ERROR;
				CLANG_WARN_DOCUMENTATION_COMMENTS = YES;
				CLANG_WARN_EMPTY_BODY = YES;
				CLANG_WARN_ENUM_CONVERSION = YES;
				CLANG_WARN_INFINITE_RECURSION = YES;
				CLANG_WARN_INT_CONVERSION = YES;
				CLANG_WARN_NON_LITERAL_NULL_CONVERSION = YES;
				CLANG_WARN_OBJC_IMPLICIT_RETAIN_SELF = YES;
				CLANG_WARN_OBJC_LITERAL_CONVERSION = YES;
				CLANG_WARN_OBJC_ROOT_CLASS = YES_ERROR;
				CLANG_WARN_QUOTED_INCLUDE_IN_FRAMEWORK_HEADER = YES;
				CLANG_WARN_RANGE_LOOP_ANALYSIS = YES;
				CLANG_WARN_STRICT_PROTOTYPES = YES;
				CLANG_WARN_SUSPICIOUS_MOVE = YES;
				CLANG_WARN_UNGUARDED_AVAILABILITY = YES_AGGRESSIVE;
				CLANG_WARN_UNREACHABLE_CODE = YES;
				CLANG_WARN__DUPLICATE_METHOD_MATCH = YES;
				COPY_PHASE_STRIP = NO;
				DEBUG_INFORMATION_FORMAT = dwarf;
				ENABLE_STRICT_OBJC_MSGSEND = YES;
				ENABLE_TESTABILITY = YES;
				GCC_C_LANGUAGE_STANDARD = gnu11;
				GCC_DYNAMIC_NO_PIC = NO;
				GCC_NO_COMMON_BLOCKS = YES;
				GCC_OPTIMIZATION_LEVEL = 0;
				GCC_PREPROCESSOR_DEFINITIONS = (
					"DEBUG=1",
					"$(inherited)",
				);
				GCC_WARN_64_TO_32_BIT_CONVERSION = YES;
				GCC_WARN_ABOUT_RETURN_TYPE = YES_ERROR;
				GCC_WARN_UNDECLARED_SELECTOR = YES;
				GCC_WARN_UNINITIALIZED_AUTOS = YES_AGGRESSIVE;
				GCC_WARN_UNUSED_FUNCTION = YES;
				GCC_WARN_UNUSED_VARIABLE = YES;
				IPHONEOS_DEPLOYMENT_TARGET = 15.0;
				MTL_ENABLE_DEBUG_INFO = INCLUDE_SOURCE;
				MTL_FAST_MATH = YES;
				ONLY_ACTIVE_ARCH = YES;
				SDKROOT = iphoneos;
				SWIFT_ACTIVE_COMPILATION_CONDITIONS = DEBUG;
				SWIFT_OPTIMIZATION_LEVEL = "-Onone";
			};
			name = Debug;
		};
		9BD06750271A9ABB00325F4F /* Release */ = {
			isa = XCBuildConfiguration;
			buildSettings = {
				ALWAYS_SEARCH_USER_PATHS = NO;
				CLANG_ANALYZER_NONNULL = YES;
				CLANG_ANALYZER_NUMBER_OBJECT_CONVERSION = YES_AGGRESSIVE;
				CLANG_CXX_LANGUAGE_STANDARD = "gnu++17";
				CLANG_CXX_LIBRARY = "libc++";
				CLANG_ENABLE_MODULES = YES;
				CLANG_ENABLE_OBJC_ARC = YES;
				CLANG_ENABLE_OBJC_WEAK = YES;
				CLANG_WARN_BLOCK_CAPTURE_AUTORELEASING = YES;
				CLANG_WARN_BOOL_CONVERSION = YES;
				CLANG_WARN_COMMA = YES;
				CLANG_WARN_CONSTANT_CONVERSION = YES;
				CLANG_WARN_DEPRECATED_OBJC_IMPLEMENTATIONS = YES;
				CLANG_WARN_DIRECT_OBJC_ISA_USAGE = YES_ERROR;
				CLANG_WARN_DOCUMENTATION_COMMENTS = YES;
				CLANG_WARN_EMPTY_BODY = YES;
				CLANG_WARN_ENUM_CONVERSION = YES;
				CLANG_WARN_INFINITE_RECURSION = YES;
				CLANG_WARN_INT_CONVERSION = YES;
				CLANG_WARN_NON_LITERAL_NULL_CONVERSION = YES;
				CLANG_WARN_OBJC_IMPLICIT_RETAIN_SELF = YES;
				CLANG_WARN_OBJC_LITERAL_CONVERSION = YES;
				CLANG_WARN_OBJC_ROOT_CLASS = YES_ERROR;
				CLANG_WARN_QUOTED_INCLUDE_IN_FRAMEWORK_HEADER = YES;
				CLANG_WARN_RANGE_LOOP_ANALYSIS = YES;
				CLANG_WARN_STRICT_PROTOTYPES = YES;
				CLANG_WARN_SUSPICIOUS_MOVE = YES;
				CLANG_WARN_UNGUARDED_AVAILABILITY = YES_AGGRESSIVE;
				CLANG_WARN_UNREACHABLE_CODE = YES;
				CLANG_WARN__DUPLICATE_METHOD_MATCH = YES;
				COPY_PHASE_STRIP = NO;
				DEBUG_INFORMATION_FORMAT = "dwarf-with-dsym";
				ENABLE_NS_ASSERTIONS = NO;
				ENABLE_STRICT_OBJC_MSGSEND = YES;
				GCC_C_LANGUAGE_STANDARD = gnu11;
				GCC_NO_COMMON_BLOCKS = YES;
				GCC_WARN_64_TO_32_BIT_CONVERSION = YES;
				GCC_WARN_ABOUT_RETURN_TYPE = YES_ERROR;
				GCC_WARN_UNDECLARED_SELECTOR = YES;
				GCC_WARN_UNINITIALIZED_AUTOS = YES_AGGRESSIVE;
				GCC_WARN_UNUSED_FUNCTION = YES;
				GCC_WARN_UNUSED_VARIABLE = YES;
				IPHONEOS_DEPLOYMENT_TARGET = 15.0;
				MTL_ENABLE_DEBUG_INFO = NO;
				MTL_FAST_MATH = YES;
				SDKROOT = iphoneos;
				SWIFT_COMPILATION_MODE = wholemodule;
				SWIFT_OPTIMIZATION_LEVEL = "-O";
				VALIDATE_PRODUCT = YES;
			};
			name = Release;
		};
		9BD06752271A9ABB00325F4F /* Debug */ = {
			isa = XCBuildConfiguration;
			buildSettings = {
				ASSETCATALOG_COMPILER_APPICON_NAME = AppIcon;
				ASSETCATALOG_COMPILER_GLOBAL_ACCENT_COLOR_NAME = AccentColor;
				CODE_SIGN_STYLE = Automatic;
				CURRENT_PROJECT_VERSION = 1;
				DEVELOPMENT_ASSET_PATHS = "\"KeyFolder/Preview Content\"";
				ENABLE_PREVIEWS = YES;
				GENERATE_INFOPLIST_FILE = YES;
				INFOPLIST_FILE = KeyFolder/Info.plist;
				INFOPLIST_KEY_UIApplicationSceneManifest_Generation = YES;
				INFOPLIST_KEY_UIApplicationSupportsIndirectInputEvents = YES;
				INFOPLIST_KEY_UISupportedInterfaceOrientations_iPad = "UIInterfaceOrientationPortrait UIInterfaceOrientationPortraitUpsideDown UIInterfaceOrientationLandscapeLeft UIInterfaceOrientationLandscapeRight";
				INFOPLIST_KEY_UISupportedInterfaceOrientations_iPhone = "UIInterfaceOrientationPortrait UIInterfaceOrientationLandscapeLeft UIInterfaceOrientationLandscapeRight";
				IPHONEOS_DEPLOYMENT_TARGET = 15.0;
				LD_RUNPATH_SEARCH_PATHS = (
					"$(inherited)",
					"@executable_path/Frameworks",
				);
				MARKETING_VERSION = 1.0;
				PRODUCT_BUNDLE_IDENTIFIER = com.tnantoka.KeyFolder;
				PRODUCT_NAME = "$(TARGET_NAME)";
				SWIFT_EMIT_LOC_STRINGS = YES;
				SWIFT_VERSION = 5.0;
				TARGETED_DEVICE_FAMILY = "1,2";
			};
			name = Debug;
		};
		9BD06753271A9ABB00325F4F /* Release */ = {
			isa = XCBuildConfiguration;
			buildSettings = {
				ASSETCATALOG_COMPILER_APPICON_NAME = AppIcon;
				ASSETCATALOG_COMPILER_GLOBAL_ACCENT_COLOR_NAME = AccentColor;
				CODE_SIGN_STYLE = Automatic;
				CURRENT_PROJECT_VERSION = 1;
				DEVELOPMENT_ASSET_PATHS = "\"KeyFolder/Preview Content\"";
				ENABLE_PREVIEWS = YES;
				GENERATE_INFOPLIST_FILE = YES;
				INFOPLIST_FILE = KeyFolder/Info.plist;
				INFOPLIST_KEY_UIApplicationSceneManifest_Generation = YES;
				INFOPLIST_KEY_UIApplicationSupportsIndirectInputEvents = YES;
				INFOPLIST_KEY_UISupportedInterfaceOrientations_iPad = "UIInterfaceOrientationPortrait UIInterfaceOrientationPortraitUpsideDown UIInterfaceOrientationLandscapeLeft UIInterfaceOrientationLandscapeRight";
				INFOPLIST_KEY_UISupportedInterfaceOrientations_iPhone = "UIInterfaceOrientationPortrait UIInterfaceOrientationLandscapeLeft UIInterfaceOrientationLandscapeRight";
				IPHONEOS_DEPLOYMENT_TARGET = 15.0;
				LD_RUNPATH_SEARCH_PATHS = (
					"$(inherited)",
					"@executable_path/Frameworks",
				);
				MARKETING_VERSION = 1.0;
				PRODUCT_BUNDLE_IDENTIFIER = com.tnantoka.KeyFolder;
				PRODUCT_NAME = "$(TARGET_NAME)";
				SWIFT_EMIT_LOC_STRINGS = YES;
				SWIFT_VERSION = 5.0;
				TARGETED_DEVICE_FAMILY = "1,2";
			};
			name = Release;
		};
		9BD06755271A9ABB00325F4F /* Debug */ = {
			isa = XCBuildConfiguration;
			buildSettings = {
				ALWAYS_EMBED_SWIFT_STANDARD_LIBRARIES = YES;
				BUNDLE_LOADER = "$(TEST_HOST)";
				CODE_SIGN_STYLE = Automatic;
				CURRENT_PROJECT_VERSION = 1;
				GENERATE_INFOPLIST_FILE = YES;
				IPHONEOS_DEPLOYMENT_TARGET = 15.0;
				LD_RUNPATH_SEARCH_PATHS = (
					"$(inherited)",
					"@executable_path/Frameworks",
					"@loader_path/Frameworks",
				);
				MARKETING_VERSION = 1.0;
				PRODUCT_BUNDLE_IDENTIFIER = com.tnantoka.KeyFolderTests;
				PRODUCT_NAME = "$(TARGET_NAME)";
				SWIFT_EMIT_LOC_STRINGS = NO;
				SWIFT_VERSION = 5.0;
				TARGETED_DEVICE_FAMILY = "1,2";
				TEST_HOST = "$(BUILT_PRODUCTS_DIR)/KeyFolder.app/KeyFolder";
			};
			name = Debug;
		};
		9BD06756271A9ABB00325F4F /* Release */ = {
			isa = XCBuildConfiguration;
			buildSettings = {
				ALWAYS_EMBED_SWIFT_STANDARD_LIBRARIES = YES;
				BUNDLE_LOADER = "$(TEST_HOST)";
				CODE_SIGN_STYLE = Automatic;
				CURRENT_PROJECT_VERSION = 1;
				GENERATE_INFOPLIST_FILE = YES;
				IPHONEOS_DEPLOYMENT_TARGET = 15.0;
				LD_RUNPATH_SEARCH_PATHS = (
					"$(inherited)",
					"@executable_path/Frameworks",
					"@loader_path/Frameworks",
				);
				MARKETING_VERSION = 1.0;
				PRODUCT_BUNDLE_IDENTIFIER = com.tnantoka.KeyFolderTests;
				PRODUCT_NAME = "$(TARGET_NAME)";
				SWIFT_EMIT_LOC_STRINGS = NO;
				SWIFT_VERSION = 5.0;
				TARGETED_DEVICE_FAMILY = "1,2";
				TEST_HOST = "$(BUILT_PRODUCTS_DIR)/KeyFolder.app/KeyFolder";
			};
			name = Release;
		};
		9BD06758271A9ABB00325F4F /* Debug */ = {
			isa = XCBuildConfiguration;
			buildSettings = {
				ALWAYS_EMBED_SWIFT_STANDARD_LIBRARIES = YES;
				CODE_SIGN_STYLE = Automatic;
				CURRENT_PROJECT_VERSION = 1;
				GENERATE_INFOPLIST_FILE = YES;
				LD_RUNPATH_SEARCH_PATHS = (
					"$(inherited)",
					"@executable_path/Frameworks",
					"@loader_path/Frameworks",
				);
				MARKETING_VERSION = 1.0;
				PRODUCT_BUNDLE_IDENTIFIER = com.tnantoka.KeyFolderUITests;
				PRODUCT_NAME = "$(TARGET_NAME)";
				SWIFT_EMIT_LOC_STRINGS = NO;
				SWIFT_VERSION = 5.0;
				TARGETED_DEVICE_FAMILY = "1,2";
				TEST_TARGET_NAME = KeyFolder;
			};
			name = Debug;
		};
		9BD06759271A9ABB00325F4F /* Release */ = {
			isa = XCBuildConfiguration;
			buildSettings = {
				ALWAYS_EMBED_SWIFT_STANDARD_LIBRARIES = YES;
				CODE_SIGN_STYLE = Automatic;
				CURRENT_PROJECT_VERSION = 1;
				GENERATE_INFOPLIST_FILE = YES;
				LD_RUNPATH_SEARCH_PATHS = (
					"$(inherited)",
					"@executable_path/Frameworks",
					"@loader_path/Frameworks",
				);
				MARKETING_VERSION = 1.0;
				PRODUCT_BUNDLE_IDENTIFIER = com.tnantoka.KeyFolderUITests;
				PRODUCT_NAME = "$(TARGET_NAME)";
				SWIFT_EMIT_LOC_STRINGS = NO;
				SWIFT_VERSION = 5.0;
				TARGETED_DEVICE_FAMILY = "1,2";
				TEST_TARGET_NAME = KeyFolder;
			};
			name = Release;
		};
/* End XCBuildConfiguration section */

/* Begin XCConfigurationList section */
		9BD06728271A9AB900325F4F /* Build configuration list for PBXProject "KeyFolder" */ = {
			isa = XCConfigurationList;
			buildConfigurations = (
				9BD0674F271A9ABB00325F4F /* Debug */,
				9BD06750271A9ABB00325F4F /* Release */,
			);
			defaultConfigurationIsVisible = 0;
			defaultConfigurationName = Release;
		};
		9BD06751271A9ABB00325F4F /* Build configuration list for PBXNativeTarget "KeyFolder" */ = {
			isa = XCConfigurationList;
			buildConfigurations = (
				9BD06752271A9ABB00325F4F /* Debug */,
				9BD06753271A9ABB00325F4F /* Release */,
			);
			defaultConfigurationIsVisible = 0;
			defaultConfigurationName = Release;
		};
		9BD06754271A9ABB00325F4F /* Build configuration list for PBXNativeTarget "KeyFolderTests" */ = {
			isa = XCConfigurationList;
			buildConfigurations = (
				9BD06755271A9ABB00325F4F /* Debug */,
				9BD06756271A9ABB00325F4F /* Release */,
			);
			defaultConfigurationIsVisible = 0;
			defaultConfigurationName = Release;
		};
		9BD06757271A9ABB00325F4F /* Build configuration list for PBXNativeTarget "KeyFolderUITests" */ = {
			isa = XCConfigurationList;
			buildConfigurations = (
				9BD06758271A9ABB00325F4F /* Debug */,
				9BD06759271A9ABB00325F4F /* Release */,
			);
			defaultConfigurationIsVisible = 0;
			defaultConfigurationName = Release;
		};
/* End XCConfigurationList section */
	};
	rootObject = 9BD06725271A9AB900325F4F /* Project object */;
}
