// !$*UTF8*$!
{
	archiveVersion = 1;
	classes = {
	};
	objectVersion = 56;
	objects = {

/* Begin PBXBuildFile section */
		9B8C358E2A8B9A0D00B32879 /* KeyFolderApp.swift in Sources */ = {isa = PBXBuildFile; fileRef = 9B8C358D2A8B9A0D00B32879 /* KeyFolderApp.swift */; };
		9B8C35922A8B9A0E00B32879 /* Assets.xcassets in Resources */ = {isa = PBXBuildFile; fileRef = 9B8C35912A8B9A0E00B32879 /* Assets.xcassets */; };
		9B8C35952A8B9A0E00B32879 /* Preview Assets.xcassets in Resources */ = {isa = PBXBuildFile; fileRef = 9B8C35942A8B9A0E00B32879 /* Preview Assets.xcassets */; };
		9B8C35A22A8BA78F00B32879 /* city.jpg in Resources */ = {isa = PBXBuildFile; fileRef = 9B8C359D2A8BA78F00B32879 /* city.jpg */; };
		9B8C35A32A8BA78F00B32879 /* sky.mp4 in Resources */ = {isa = PBXBuildFile; fileRef = 9B8C359E2A8BA78F00B32879 /* sky.mp4 */; };
		9B8C35A42A8BA78F00B32879 /* example.txt in Resources */ = {isa = PBXBuildFile; fileRef = 9B8C359F2A8BA78F00B32879 /* example.txt */; };
		9B8C35A52A8BA78F00B32879 /* example.pdf in Resources */ = {isa = PBXBuildFile; fileRef = 9B8C35A02A8BA78F00B32879 /* example.pdf */; };
		9B8C35AD2A8BA79B00B32879 /* Constants.swift in Sources */ = {isa = PBXBuildFile; fileRef = 9B8C35A72A8BA79B00B32879 /* Constants.swift */; };
		9B8C35AF2A8BA79B00B32879 /* Folder.swift in Sources */ = {isa = PBXBuildFile; fileRef = 9B8C35A92A8BA79B00B32879 /* Folder.swift */; };
		9B8C35B02A8BA79B00B32879 /* Entry.swift in Sources */ = {isa = PBXBuildFile; fileRef = 9B8C35AA2A8BA79B00B32879 /* Entry.swift */; };
		9B8C35B12A8BA79B00B32879 /* Store.swift in Sources */ = {isa = PBXBuildFile; fileRef = 9B8C35AB2A8BA79B00B32879 /* Store.swift */; };
		9B8C35B22A8BA79B00B32879 /* PasscodeManager.swift in Sources */ = {isa = PBXBuildFile; fileRef = 9B8C35AC2A8BA79B00B32879 /* PasscodeManager.swift */; };
		9B8C35C42A8BA7A100B32879 /* AdBanner.swift in Sources */ = {isa = PBXBuildFile; fileRef = 9B8C35B62A8BA7A100B32879 /* AdBanner.swift */; };
		9B8C35C72A8BA7A100B32879 /* EntryForm.swift in Sources */ = {isa = PBXBuildFile; fileRef = 9B8C35B92A8BA7A100B32879 /* EntryForm.swift */; };
		9B8C35C82A8BA7A100B32879 /* ImagePicker.swift in Sources */ = {isa = PBXBuildFile; fileRef = 9B8C35BA2A8BA7A100B32879 /* ImagePicker.swift */; };
		9B8C35C92A8BA7A100B32879 /* FolderListPage.swift in Sources */ = {isa = PBXBuildFile; fileRef = 9B8C35BB2A8BA7A100B32879 /* FolderListPage.swift */; };
		9B8C35CA2A8BA7A100B32879 /* LicensesPage.swift in Sources */ = {isa = PBXBuildFile; fileRef = 9B8C35BC2A8BA7A100B32879 /* LicensesPage.swift */; };
		9B8C35CB2A8BA7A100B32879 /* WebView.swift in Sources */ = {isa = PBXBuildFile; fileRef = 9B8C35BD2A8BA7A100B32879 /* WebView.swift */; };
		9B8C35CD2A8BA7A100B32879 /* EntryListPage.swift in Sources */ = {isa = PBXBuildFile; fileRef = 9B8C35BF2A8BA7A100B32879 /* EntryListPage.swift */; };
		9B8C35CE2A8BA7A100B32879 /* DocumentPicker.swift in Sources */ = {isa = PBXBuildFile; fileRef = 9B8C35C02A8BA7A100B32879 /* DocumentPicker.swift */; };
		9B8C35CF2A8BA7A100B32879 /* QuickLook.swift in Sources */ = {isa = PBXBuildFile; fileRef = 9B8C35C12A8BA7A100B32879 /* QuickLook.swift */; };
		9B8C35D42A8BAA4600B32879 /* InfoPlist.strings in Resources */ = {isa = PBXBuildFile; fileRef = 9B8C35D62A8BAA4600B32879 /* InfoPlist.strings */; };
		9B8C35D82A8BAA4F00B32879 /* Localizable.strings in Resources */ = {isa = PBXBuildFile; fileRef = 9B8C35DA2A8BAA4F00B32879 /* Localizable.strings */; };
		9B8C35DF2A8BAFC000B32879 /* GoogleMobileAds in Frameworks */ = {isa = PBXBuildFile; productRef = 9B8C35DE2A8BAFC000B32879 /* GoogleMobileAds */; };
		9B8C35E22A8BB64700B32879 /* AdManager.swift in Sources */ = {isa = PBXBuildFile; fileRef = 9B8C35E12A8BB64700B32879 /* AdManager.swift */; };
		9B8C35E82A8D106C00B32879 /* SetPasscodePage.swift in Sources */ = {isa = PBXBuildFile; fileRef = 9B8C35E72A8D106C00B32879 /* SetPasscodePage.swift */; };
		9B8C35EA2A8D108D00B32879 /* PasscodeForm.swift in Sources */ = {isa = PBXBuildFile; fileRef = 9B8C35E92A8D108D00B32879 /* PasscodeForm.swift */; };
		9B8C35EC2A8F5BE900B32879 /* UnlockPage.swift in Sources */ = {isa = PBXBuildFile; fileRef = 9B8C35EB2A8F5BE900B32879 /* UnlockPage.swift */; };
		9B8C35EE2A8F62A800B32879 /* ChangePasscodePage.swift in Sources */ = {isa = PBXBuildFile; fileRef = 9B8C35ED2A8F62A800B32879 /* ChangePasscodePage.swift */; };
		9B8C35F12A905B3600B32879 /* KeychainSwift in Frameworks */ = {isa = PBXBuildFile; productRef = 9B8C35F02A905B3600B32879 /* KeychainSwift */; };
		9B8C35F72A90E86800B32879 /* CreateFolderPage.swift in Sources */ = {isa = PBXBuildFile; fileRef = 9B8C35F62A90E86800B32879 /* CreateFolderPage.swift */; };
		9B8C35F92A90E89200B32879 /* FolderForm.swift in Sources */ = {isa = PBXBuildFile; fileRef = 9B8C35F82A90E89200B32879 /* FolderForm.swift */; };
		9B8C35FB2A90E9E300B32879 /* UpdateFolderPage.swift in Sources */ = {isa = PBXBuildFile; fileRef = 9B8C35FA2A90E9E300B32879 /* UpdateFolderPage.swift */; };
		9B8C35FD2A91C84D00B32879 /* FolderManager.swift in Sources */ = {isa = PBXBuildFile; fileRef = 9B8C35FC2A91C84D00B32879 /* FolderManager.swift */; };
		9B8C35FF2A91C8C800B32879 /* EntryManager.swift in Sources */ = {isa = PBXBuildFile; fileRef = 9B8C35FE2A91C8C800B32879 /* EntryManager.swift */; };
		9BE3735A2A94FBCF008E4438 /* sunset.jpg in Resources */ = {isa = PBXBuildFile; fileRef = 9BE373592A94FBCF008E4438 /* sunset.jpg */; };
/* End PBXBuildFile section */

/* Begin PBXFileReference section */
		9B8C358A2A8B9A0D00B32879 /* KeyFolder.app */ = {isa = PBXFileReference; explicitFileType = wrapper.application; includeInIndex = 0; path = KeyFolder.app; sourceTree = BUILT_PRODUCTS_DIR; };
		9B8C358D2A8B9A0D00B32879 /* KeyFolderApp.swift */ = {isa = PBXFileReference; lastKnownFileType = sourcecode.swift; path = KeyFolderApp.swift; sourceTree = "<group>"; };
		9B8C35912A8B9A0E00B32879 /* Assets.xcassets */ = {isa = PBXFileReference; lastKnownFileType = folder.assetcatalog; path = Assets.xcassets; sourceTree = "<group>"; };
		9B8C35942A8B9A0E00B32879 /* Preview Assets.xcassets */ = {isa = PBXFileReference; lastKnownFileType = folder.assetcatalog; path = "Preview Assets.xcassets"; sourceTree = "<group>"; };
		9B8C359D2A8BA78F00B32879 /* city.jpg */ = {isa = PBXFileReference; lastKnownFileType = image.jpeg; path = city.jpg; sourceTree = "<group>"; };
		9B8C359E2A8BA78F00B32879 /* sky.mp4 */ = {isa = PBXFileReference; lastKnownFileType = file; path = sky.mp4; sourceTree = "<group>"; };
		9B8C359F2A8BA78F00B32879 /* example.txt */ = {isa = PBXFileReference; fileEncoding = 4; lastKnownFileType = text; path = example.txt; sourceTree = "<group>"; };
		9B8C35A02A8BA78F00B32879 /* example.pdf */ = {isa = PBXFileReference; lastKnownFileType = image.pdf; path = example.pdf; sourceTree = "<group>"; };
		9B8C35A72A8BA79B00B32879 /* Constants.swift */ = {isa = PBXFileReference; fileEncoding = 4; lastKnownFileType = sourcecode.swift; path = Constants.swift; sourceTree = "<group>"; };
		9B8C35A92A8BA79B00B32879 /* Folder.swift */ = {isa = PBXFileReference; fileEncoding = 4; lastKnownFileType = sourcecode.swift; path = Folder.swift; sourceTree = "<group>"; };
		9B8C35AA2A8BA79B00B32879 /* Entry.swift */ = {isa = PBXFileReference; fileEncoding = 4; lastKnownFileType = sourcecode.swift; path = Entry.swift; sourceTree = "<group>"; };
		9B8C35AB2A8BA79B00B32879 /* Store.swift */ = {isa = PBXFileReference; fileEncoding = 4; lastKnownFileType = sourcecode.swift; path = Store.swift; sourceTree = "<group>"; };
		9B8C35AC2A8BA79B00B32879 /* PasscodeManager.swift */ = {isa = PBXFileReference; fileEncoding = 4; lastKnownFileType = sourcecode.swift; path = PasscodeManager.swift; sourceTree = "<group>"; };
		9B8C35B62A8BA7A100B32879 /* AdBanner.swift */ = {isa = PBXFileReference; fileEncoding = 4; lastKnownFileType = sourcecode.swift; path = AdBanner.swift; sourceTree = "<group>"; };
		9B8C35B92A8BA7A100B32879 /* EntryForm.swift */ = {isa = PBXFileReference; fileEncoding = 4; lastKnownFileType = sourcecode.swift; path = EntryForm.swift; sourceTree = "<group>"; };
		9B8C35BA2A8BA7A100B32879 /* ImagePicker.swift */ = {isa = PBXFileReference; fileEncoding = 4; lastKnownFileType = sourcecode.swift; path = ImagePicker.swift; sourceTree = "<group>"; };
		9B8C35BB2A8BA7A100B32879 /* FolderListPage.swift */ = {isa = PBXFileReference; fileEncoding = 4; lastKnownFileType = sourcecode.swift; path = FolderListPage.swift; sourceTree = "<group>"; };
		9B8C35BC2A8BA7A100B32879 /* LicensesPage.swift */ = {isa = PBXFileReference; fileEncoding = 4; lastKnownFileType = sourcecode.swift; path = LicensesPage.swift; sourceTree = "<group>"; };
		9B8C35BD2A8BA7A100B32879 /* WebView.swift */ = {isa = PBXFileReference; fileEncoding = 4; lastKnownFileType = sourcecode.swift; path = WebView.swift; sourceTree = "<group>"; };
		9B8C35BF2A8BA7A100B32879 /* EntryListPage.swift */ = {isa = PBXFileReference; fileEncoding = 4; lastKnownFileType = sourcecode.swift; path = EntryListPage.swift; sourceTree = "<group>"; };
		9B8C35C02A8BA7A100B32879 /* DocumentPicker.swift */ = {isa = PBXFileReference; fileEncoding = 4; lastKnownFileType = sourcecode.swift; path = DocumentPicker.swift; sourceTree = "<group>"; };
		9B8C35C12A8BA7A100B32879 /* QuickLook.swift */ = {isa = PBXFileReference; fileEncoding = 4; lastKnownFileType = sourcecode.swift; path = QuickLook.swift; sourceTree = "<group>"; };
		9B8C35D52A8BAA4600B32879 /* en */ = {isa = PBXFileReference; lastKnownFileType = text.plist.strings; name = en; path = en.lproj/InfoPlist.strings; sourceTree = "<group>"; };
		9B8C35D72A8BAA4A00B32879 /* ja */ = {isa = PBXFileReference; lastKnownFileType = text.plist.strings; name = ja; path = ja.lproj/InfoPlist.strings; sourceTree = "<group>"; };
		9B8C35D92A8BAA4F00B32879 /* en */ = {isa = PBXFileReference; lastKnownFileType = text.plist.strings; name = en; path = en.lproj/Localizable.strings; sourceTree = "<group>"; };
		9B8C35DB2A8BAA5200B32879 /* ja */ = {isa = PBXFileReference; lastKnownFileType = text.plist.strings; name = ja; path = ja.lproj/Localizable.strings; sourceTree = "<group>"; };
		9B8C35DC2A8BAE2600B32879 /* Info.plist */ = {isa = PBXFileReference; lastKnownFileType = text.plist; path = Info.plist; sourceTree = "<group>"; };
		9B8C35E12A8BB64700B32879 /* AdManager.swift */ = {isa = PBXFileReference; lastKnownFileType = sourcecode.swift; path = AdManager.swift; sourceTree = "<group>"; };
		9B8C35E72A8D106C00B32879 /* SetPasscodePage.swift */ = {isa = PBXFileReference; lastKnownFileType = sourcecode.swift; path = SetPasscodePage.swift; sourceTree = "<group>"; };
		9B8C35E92A8D108D00B32879 /* PasscodeForm.swift */ = {isa = PBXFileReference; lastKnownFileType = sourcecode.swift; path = PasscodeForm.swift; sourceTree = "<group>"; };
		9B8C35EB2A8F5BE900B32879 /* UnlockPage.swift */ = {isa = PBXFileReference; lastKnownFileType = sourcecode.swift; path = UnlockPage.swift; sourceTree = "<group>"; };
		9B8C35ED2A8F62A800B32879 /* ChangePasscodePage.swift */ = {isa = PBXFileReference; lastKnownFileType = sourcecode.swift; path = ChangePasscodePage.swift; sourceTree = "<group>"; };
		9B8C35F62A90E86800B32879 /* CreateFolderPage.swift */ = {isa = PBXFileReference; lastKnownFileType = sourcecode.swift; path = CreateFolderPage.swift; sourceTree = "<group>"; };
		9B8C35F82A90E89200B32879 /* FolderForm.swift */ = {isa = PBXFileReference; lastKnownFileType = sourcecode.swift; path = FolderForm.swift; sourceTree = "<group>"; };
		9B8C35FA2A90E9E300B32879 /* UpdateFolderPage.swift */ = {isa = PBXFileReference; lastKnownFileType = sourcecode.swift; path = UpdateFolderPage.swift; sourceTree = "<group>"; };
		9B8C35FC2A91C84D00B32879 /* FolderManager.swift */ = {isa = PBXFileReference; lastKnownFileType = sourcecode.swift; path = FolderManager.swift; sourceTree = "<group>"; };
		9B8C35FE2A91C8C800B32879 /* EntryManager.swift */ = {isa = PBXFileReference; lastKnownFileType = sourcecode.swift; path = EntryManager.swift; sourceTree = "<group>"; };
		9BE373592A94FBCF008E4438 /* sunset.jpg */ = {isa = PBXFileReference; lastKnownFileType = image.jpeg; path = sunset.jpg; sourceTree = "<group>"; };
/* End PBXFileReference section */

/* Begin PBXFrameworksBuildPhase section */
		9B8C35872A8B9A0D00B32879 /* Frameworks */ = {
			isa = PBXFrameworksBuildPhase;
			buildActionMask = 2147483647;
			files = (
				9B8C35F12A905B3600B32879 /* KeychainSwift in Frameworks */,
				9B8C35DF2A8BAFC000B32879 /* GoogleMobileAds in Frameworks */,
			);
			runOnlyForDeploymentPostprocessing = 0;
		};
/* End PBXFrameworksBuildPhase section */

/* Begin PBXGroup section */
		9B8C35812A8B9A0D00B32879 = {
			isa = PBXGroup;
			children = (
				9B8C358C2A8B9A0D00B32879 /* KeyFolder */,
				9B8C358B2A8B9A0D00B32879 /* Products */,
			);
			indentWidth = 2;
			sourceTree = "<group>";
			tabWidth = 2;
		};
		9B8C358B2A8B9A0D00B32879 /* Products */ = {
			isa = PBXGroup;
			children = (
				9B8C358A2A8B9A0D00B32879 /* KeyFolder.app */,
			);
			name = Products;
			sourceTree = "<group>";
		};
		9B8C358C2A8B9A0D00B32879 /* KeyFolder */ = {
			isa = PBXGroup;
			children = (
				9B8C35DC2A8BAE2600B32879 /* Info.plist */,
				9B8C359B2A8BA78F00B32879 /* Resources */,
				9B8C35E02A8BB63800B32879 /* Managers */,
				9B8C35A62A8BA79B00B32879 /* Models */,
				9B8C35E32A8D0F3300B32879 /* Pages */,
				9B8C35E62A8D0FDF00B32879 /* Components */,
				9B8C358D2A8B9A0D00B32879 /* KeyFolderApp.swift */,
				9B8C35912A8B9A0E00B32879 /* Assets.xcassets */,
				9B8C35D62A8BAA4600B32879 /* InfoPlist.strings */,
				9B8C35DA2A8BAA4F00B32879 /* Localizable.strings */,
				9B8C35932A8B9A0E00B32879 /* Preview Content */,
			);
			path = KeyFolder;
			sourceTree = "<group>";
		};
		9B8C35932A8B9A0E00B32879 /* Preview Content */ = {
			isa = PBXGroup;
			children = (
				9B8C35942A8B9A0E00B32879 /* Preview Assets.xcassets */,
			);
			path = "Preview Content";
			sourceTree = "<group>";
		};
		9B8C359B2A8BA78F00B32879 /* Resources */ = {
			isa = PBXGroup;
			children = (
				9B8C359D2A8BA78F00B32879 /* city.jpg */,
				9BE373592A94FBCF008E4438 /* sunset.jpg */,
				9B8C359E2A8BA78F00B32879 /* sky.mp4 */,
				9B8C359F2A8BA78F00B32879 /* example.txt */,
				9B8C35A02A8BA78F00B32879 /* example.pdf */,
			);
			path = Resources;
			sourceTree = "<group>";
		};
		9B8C35A62A8BA79B00B32879 /* Models */ = {
			isa = PBXGroup;
			children = (
				9B8C35A72A8BA79B00B32879 /* Constants.swift */,
				9B8C35A92A8BA79B00B32879 /* Folder.swift */,
				9B8C35AA2A8BA79B00B32879 /* Entry.swift */,
				9B8C35AB2A8BA79B00B32879 /* Store.swift */,
			);
			path = Models;
			sourceTree = "<group>";
		};
		9B8C35E02A8BB63800B32879 /* Managers */ = {
			isa = PBXGroup;
			children = (
				9B8C35E12A8BB64700B32879 /* AdManager.swift */,
				9B8C35AC2A8BA79B00B32879 /* PasscodeManager.swift */,
				9B8C35FC2A91C84D00B32879 /* FolderManager.swift */,
				9B8C35FE2A91C8C800B32879 /* EntryManager.swift */,
			);
			path = Managers;
			sourceTree = "<group>";
		};
		9B8C35E32A8D0F3300B32879 /* Pages */ = {
			isa = PBXGroup;
			children = (
				9B8C35E72A8D106C00B32879 /* SetPasscodePage.swift */,
				9B8C35ED2A8F62A800B32879 /* ChangePasscodePage.swift */,
				9B8C35EB2A8F5BE900B32879 /* UnlockPage.swift */,
				9B8C35F62A90E86800B32879 /* CreateFolderPage.swift */,
				9B8C35FA2A90E9E300B32879 /* UpdateFolderPage.swift */,
				9B8C35BB2A8BA7A100B32879 /* FolderListPage.swift */,
				9B8C35BF2A8BA7A100B32879 /* EntryListPage.swift */,
				9B8C35C12A8BA7A100B32879 /* QuickLook.swift */,
				9B8C35BC2A8BA7A100B32879 /* LicensesPage.swift */,
			);
			path = Pages;
			sourceTree = "<group>";
		};
		9B8C35E62A8D0FDF00B32879 /* Components */ = {
			isa = PBXGroup;
			children = (
				9B8C35E92A8D108D00B32879 /* PasscodeForm.swift */,
				9B8C35F82A90E89200B32879 /* FolderForm.swift */,
				9B8C35B92A8BA7A100B32879 /* EntryForm.swift */,
				9B8C35B62A8BA7A100B32879 /* AdBanner.swift */,
				9B8C35BD2A8BA7A100B32879 /* WebView.swift */,
				9B8C35BA2A8BA7A100B32879 /* ImagePicker.swift */,
				9B8C35C02A8BA7A100B32879 /* DocumentPicker.swift */,
			);
			path = Components;
			sourceTree = "<group>";
		};
/* End PBXGroup section */

/* Begin PBXNativeTarget section */
		9B8C35892A8B9A0D00B32879 /* KeyFolder */ = {
			isa = PBXNativeTarget;
			buildConfigurationList = 9B8C35982A8B9A0E00B32879 /* Build configuration list for PBXNativeTarget "KeyFolder" */;
			buildPhases = (
				9B8C35862A8B9A0D00B32879 /* Sources */,
				9B8C35872A8B9A0D00B32879 /* Frameworks */,
				9B8C35882A8B9A0D00B32879 /* Resources */,
			);
			buildRules = (
			);
			dependencies = (
			);
			name = KeyFolder;
			packageProductDependencies = (
				9B8C35DE2A8BAFC000B32879 /* GoogleMobileAds */,
				9B8C35F02A905B3600B32879 /* KeychainSwift */,
			);
			productName = KeyFolder;
			productReference = 9B8C358A2A8B9A0D00B32879 /* KeyFolder.app */;
			productType = "com.apple.product-type.application";
		};
/* End PBXNativeTarget section */

/* Begin PBXProject section */
		9B8C35822A8B9A0D00B32879 /* Project object */ = {
			isa = PBXProject;
			attributes = {
				BuildIndependentTargetsInParallel = 1;
				LastSwiftUpdateCheck = 1430;
				LastUpgradeCheck = 1430;
				TargetAttributes = {
					9B8C35892A8B9A0D00B32879 = {
						CreatedOnToolsVersion = 14.3.1;
					};
				};
			};
			buildConfigurationList = 9B8C35852A8B9A0D00B32879 /* Build configuration list for PBXProject "KeyFolder" */;
			compatibilityVersion = "Xcode 14.0";
			developmentRegion = en;
			hasScannedForEncodings = 0;
			knownRegions = (
				en,
				Base,
				ja,
			);
			mainGroup = 9B8C35812A8B9A0D00B32879;
			packageReferences = (
				9B8C35DD2A8BAFC000B32879 /* XCRemoteSwiftPackageReference "swift-package-manager-google-mobile-ads" */,
				9B8C35EF2A905B3600B32879 /* XCRemoteSwiftPackageReference "keychain-swift" */,
			);
			productRefGroup = 9B8C358B2A8B9A0D00B32879 /* Products */;
			projectDirPath = "";
			projectRoot = "";
			targets = (
				9B8C35892A8B9A0D00B32879 /* KeyFolder */,
			);
		};
/* End PBXProject section */

/* Begin PBXResourcesBuildPhase section */
		9B8C35882A8B9A0D00B32879 /* Resources */ = {
			isa = PBXResourcesBuildPhase;
			buildActionMask = 2147483647;
			files = (
				9B8C35A32A8BA78F00B32879 /* sky.mp4 in Resources */,
				9B8C35A22A8BA78F00B32879 /* city.jpg in Resources */,
				9B8C35952A8B9A0E00B32879 /* Preview Assets.xcassets in Resources */,
				9BE3735A2A94FBCF008E4438 /* sunset.jpg in Resources */,
				9B8C35A42A8BA78F00B32879 /* example.txt in Resources */,
				9B8C35A52A8BA78F00B32879 /* example.pdf in Resources */,
				9B8C35D82A8BAA4F00B32879 /* Localizable.strings in Resources */,
				9B8C35922A8B9A0E00B32879 /* Assets.xcassets in Resources */,
				9B8C35D42A8BAA4600B32879 /* InfoPlist.strings in Resources */,
			);
			runOnlyForDeploymentPostprocessing = 0;
		};
/* End PBXResourcesBuildPhase section */

/* Begin PBXSourcesBuildPhase section */
		9B8C35862A8B9A0D00B32879 /* Sources */ = {
			isa = PBXSourcesBuildPhase;
			buildActionMask = 2147483647;
			files = (
				9B8C35CE2A8BA7A100B32879 /* DocumentPicker.swift in Sources */,
				9B8C35B12A8BA79B00B32879 /* Store.swift in Sources */,
				9B8C35EA2A8D108D00B32879 /* PasscodeForm.swift in Sources */,
				9B8C35CB2A8BA7A100B32879 /* WebView.swift in Sources */,
				9B8C35B02A8BA79B00B32879 /* Entry.swift in Sources */,
				9B8C35EC2A8F5BE900B32879 /* UnlockPage.swift in Sources */,
				9B8C35CD2A8BA7A100B32879 /* EntryListPage.swift in Sources */,
				9B8C358E2A8B9A0D00B32879 /* KeyFolderApp.swift in Sources */,
				9B8C35E82A8D106C00B32879 /* SetPasscodePage.swift in Sources */,
				9B8C35B22A8BA79B00B32879 /* PasscodeManager.swift in Sources */,
				9B8C35CA2A8BA7A100B32879 /* LicensesPage.swift in Sources */,
				9B8C35EE2A8F62A800B32879 /* ChangePasscodePage.swift in Sources */,
				9B8C35FB2A90E9E300B32879 /* UpdateFolderPage.swift in Sources */,
				9B8C35FF2A91C8C800B32879 /* EntryManager.swift in Sources */,
				9B8C35C92A8BA7A100B32879 /* FolderListPage.swift in Sources */,
				9B8C35CF2A8BA7A100B32879 /* QuickLook.swift in Sources */,
				9B8C35AD2A8BA79B00B32879 /* Constants.swift in Sources */,
				9B8C35C72A8BA7A100B32879 /* EntryForm.swift in Sources */,
				9B8C35C82A8BA7A100B32879 /* ImagePicker.swift in Sources */,
				9B8C35F72A90E86800B32879 /* CreateFolderPage.swift in Sources */,
				9B8C35C42A8BA7A100B32879 /* AdBanner.swift in Sources */,
				9B8C35E22A8BB64700B32879 /* AdManager.swift in Sources */,
				9B8C35FD2A91C84D00B32879 /* FolderManager.swift in Sources */,
				9B8C35AF2A8BA79B00B32879 /* Folder.swift in Sources */,
				9B8C35F92A90E89200B32879 /* FolderForm.swift in Sources */,
			);
			runOnlyForDeploymentPostprocessing = 0;
		};
/* End PBXSourcesBuildPhase section */

/* Begin PBXVariantGroup section */
		9B8C35D62A8BAA4600B32879 /* InfoPlist.strings */ = {
			isa = PBXVariantGroup;
			children = (
				9B8C35D52A8BAA4600B32879 /* en */,
				9B8C35D72A8BAA4A00B32879 /* ja */,
			);
			name = InfoPlist.strings;
			sourceTree = "<group>";
		};
		9B8C35DA2A8BAA4F00B32879 /* Localizable.strings */ = {
			isa = PBXVariantGroup;
			children = (
				9B8C35D92A8BAA4F00B32879 /* en */,
				9B8C35DB2A8BAA5200B32879 /* ja */,
			);
			name = Localizable.strings;
			sourceTree = "<group>";
		};
/* End PBXVariantGroup section */

/* Begin XCBuildConfiguration section */
		9B8C35962A8B9A0E00B32879 /* Debug */ = {
			isa = XCBuildConfiguration;
			buildSettings = {
				ALWAYS_SEARCH_USER_PATHS = NO;
				CLANG_ANALYZER_NONNULL = YES;
				CLANG_ANALYZER_NUMBER_OBJECT_CONVERSION = YES_AGGRESSIVE;
				CLANG_CXX_LANGUAGE_STANDARD = "gnu++20";
				CLANG_ENABLE_MODULES = YES;
				CLANG_ENABLE_OBJC_ARC = YES;
				CLANG_ENABLE_OBJC_WEAK = YES;
				CLANG_WARN_BLOCK_CAPTURE_AUTORELEASING = YES;
				CLANG_WARN_BOOL_CONVERSION = YES;
				CLANG_WARN_COMMA = YES;
				CLANG_WARN_CONSTANT_CONVERSION = YES;
				CLANG_WARN_DEPRECATED_OBJC_IMPLEMENTATIONS = YES;
				CLANG_WARN_DIRECT_OBJC_ISA_USAGE = YES_ERROR;
				CLANG_WARN_DOCUMENTATION_COMMENTS = YES;
				CLANG_WARN_EMPTY_BODY = YES;
				CLANG_WARN_ENUM_CONVERSION = YES;
				CLANG_WARN_INFINITE_RECURSION = YES;
				CLANG_WARN_INT_CONVERSION = YES;
				CLANG_WARN_NON_LITERAL_NULL_CONVERSION = YES;
				CLANG_WARN_OBJC_IMPLICIT_RETAIN_SELF = YES;
				CLANG_WARN_OBJC_LITERAL_CONVERSION = YES;
				CLANG_WARN_OBJC_ROOT_CLASS = YES_ERROR;
				CLANG_WARN_QUOTED_INCLUDE_IN_FRAMEWORK_HEADER = YES;
				CLANG_WARN_RANGE_LOOP_ANALYSIS = YES;
				CLANG_WARN_STRICT_PROTOTYPES = YES;
				CLANG_WARN_SUSPICIOUS_MOVE = YES;
				CLANG_WARN_UNGUARDED_AVAILABILITY = YES_AGGRESSIVE;
				CLANG_WARN_UNREACHABLE_CODE = YES;
				CLANG_WARN__DUPLICATE_METHOD_MATCH = YES;
				COPY_PHASE_STRIP = NO;
				DEBUG_INFORMATION_FORMAT = dwarf;
				ENABLE_STRICT_OBJC_MSGSEND = YES;
				ENABLE_TESTABILITY = YES;
				GCC_C_LANGUAGE_STANDARD = gnu11;
				GCC_DYNAMIC_NO_PIC = NO;
				GCC_NO_COMMON_BLOCKS = YES;
				GCC_OPTIMIZATION_LEVEL = 0;
				GCC_PREPROCESSOR_DEFINITIONS = (
					"DEBUG=1",
					"$(inherited)",
				);
				GCC_WARN_64_TO_32_BIT_CONVERSION = YES;
				GCC_WARN_ABOUT_RETURN_TYPE = YES_ERROR;
				GCC_WARN_UNDECLARED_SELECTOR = YES;
				GCC_WARN_UNINITIALIZED_AUTOS = YES_AGGRESSIVE;
				GCC_WARN_UNUSED_FUNCTION = YES;
				GCC_WARN_UNUSED_VARIABLE = YES;
				IPHONEOS_DEPLOYMENT_TARGET = 16.4;
				MTL_ENABLE_DEBUG_INFO = INCLUDE_SOURCE;
				MTL_FAST_MATH = YES;
				ONLY_ACTIVE_ARCH = YES;
				SDKROOT = iphoneos;
				SWIFT_ACTIVE_COMPILATION_CONDITIONS = DEBUG;
				SWIFT_OPTIMIZATION_LEVEL = "-Onone";
			};
			name = Debug;
		};
		9B8C35972A8B9A0E00B32879 /* Release */ = {
			isa = XCBuildConfiguration;
			buildSettings = {
				ALWAYS_SEARCH_USER_PATHS = NO;
				CLANG_ANALYZER_NONNULL = YES;
				CLANG_ANALYZER_NUMBER_OBJECT_CONVERSION = YES_AGGRESSIVE;
				CLANG_CXX_LANGUAGE_STANDARD = "gnu++20";
				CLANG_ENABLE_MODULES = YES;
				CLANG_ENABLE_OBJC_ARC = YES;
				CLANG_ENABLE_OBJC_WEAK = YES;
				CLANG_WARN_BLOCK_CAPTURE_AUTORELEASING = YES;
				CLANG_WARN_BOOL_CONVERSION = YES;
				CLANG_WARN_COMMA = YES;
				CLANG_WARN_CONSTANT_CONVERSION = YES;
				CLANG_WARN_DEPRECATED_OBJC_IMPLEMENTATIONS = YES;
				CLANG_WARN_DIRECT_OBJC_ISA_USAGE = YES_ERROR;
				CLANG_WARN_DOCUMENTATION_COMMENTS = YES;
				CLANG_WARN_EMPTY_BODY = YES;
				CLANG_WARN_ENUM_CONVERSION = YES;
				CLANG_WARN_INFINITE_RECURSION = YES;
				CLANG_WARN_INT_CONVERSION = YES;
				CLANG_WARN_NON_LITERAL_NULL_CONVERSION = YES;
				CLANG_WARN_OBJC_IMPLICIT_RETAIN_SELF = YES;
				CLANG_WARN_OBJC_LITERAL_CONVERSION = YES;
				CLANG_WARN_OBJC_ROOT_CLASS = YES_ERROR;
				CLANG_WARN_QUOTED_INCLUDE_IN_FRAMEWORK_HEADER = YES;
				CLANG_WARN_RANGE_LOOP_ANALYSIS = YES;
				CLANG_WARN_STRICT_PROTOTYPES = YES;
				CLANG_WARN_SUSPICIOUS_MOVE = YES;
				CLANG_WARN_UNGUARDED_AVAILABILITY = YES_AGGRESSIVE;
				CLANG_WARN_UNREACHABLE_CODE = YES;
				CLANG_WARN__DUPLICATE_METHOD_MATCH = YES;
				COPY_PHASE_STRIP = NO;
				DEBUG_INFORMATION_FORMAT = "dwarf-with-dsym";
				ENABLE_NS_ASSERTIONS = NO;
				ENABLE_STRICT_OBJC_MSGSEND = YES;
				GCC_C_LANGUAGE_STANDARD = gnu11;
				GCC_NO_COMMON_BLOCKS = YES;
				GCC_WARN_64_TO_32_BIT_CONVERSION = YES;
				GCC_WARN_ABOUT_RETURN_TYPE = YES_ERROR;
				GCC_WARN_UNDECLARED_SELECTOR = YES;
				GCC_WARN_UNINITIALIZED_AUTOS = YES_AGGRESSIVE;
				GCC_WARN_UNUSED_FUNCTION = YES;
				GCC_WARN_UNUSED_VARIABLE = YES;
				IPHONEOS_DEPLOYMENT_TARGET = 16.4;
				MTL_ENABLE_DEBUG_INFO = NO;
				MTL_FAST_MATH = YES;
				SDKROOT = iphoneos;
				SWIFT_COMPILATION_MODE = wholemodule;
				SWIFT_OPTIMIZATION_LEVEL = "-O";
				VALIDATE_PRODUCT = YES;
			};
			name = Release;
		};
		9B8C35992A8B9A0E00B32879 /* Debug */ = {
			isa = XCBuildConfiguration;
			buildSettings = {
				ASSETCATALOG_COMPILER_APPICON_NAME = AppIcon;
				ASSETCATALOG_COMPILER_GLOBAL_ACCENT_COLOR_NAME = AccentColor;
				CODE_SIGN_STYLE = Automatic;
				CURRENT_PROJECT_VERSION = 2;
				DEVELOPMENT_ASSET_PATHS = "\"KeyFolder/Preview Content\"";
				DEVELOPMENT_TEAM = H4Z42X3L6X;
				ENABLE_PREVIEWS = YES;
				GENERATE_INFOPLIST_FILE = YES;
				INFOPLIST_FILE = KeyFolder/Info.plist;
				INFOPLIST_KEY_NSPhotoLibraryUsageDescription = "Access the photo library for importing image files to folder.";
				INFOPLIST_KEY_NSUserTrackingUsageDescription = "It will be used to deliver personalized ads to you.";
				INFOPLIST_KEY_UIApplicationSceneManifest_Generation = YES;
				INFOPLIST_KEY_UIApplicationSupportsIndirectInputEvents = YES;
				INFOPLIST_KEY_UILaunchScreen_Generation = YES;
				INFOPLIST_KEY_UISupportedInterfaceOrientations_iPad = "UIInterfaceOrientationPortrait UIInterfaceOrientationPortraitUpsideDown UIInterfaceOrientationLandscapeLeft UIInterfaceOrientationLandscapeRight";
				INFOPLIST_KEY_UISupportedInterfaceOrientations_iPhone = "UIInterfaceOrientationPortrait UIInterfaceOrientationLandscapeLeft UIInterfaceOrientationLandscapeRight";
				IPHONEOS_DEPLOYMENT_TARGET = 15.1;
				LD_RUNPATH_SEARCH_PATHS = (
					"$(inherited)",
					"@executable_path/Frameworks",
				);
				MARKETING_VERSION = 1.0.0;
				OTHER_LDFLAGS = "-ObjC";
				PRODUCT_BUNDLE_IDENTIFIER = com.tnantoka.KeyFolder;
				PRODUCT_NAME = "$(TARGET_NAME)";
				SWIFT_EMIT_LOC_STRINGS = YES;
				SWIFT_VERSION = 5.0;
				TARGETED_DEVICE_FAMILY = "1,2";
			};
			name = Debug;
		};
		9B8C359A2A8B9A0E00B32879 /* Release */ = {
			isa = XCBuildConfiguration;
			buildSettings = {
				ASSETCATALOG_COMPILER_APPICON_NAME = AppIcon;
				ASSETCATALOG_COMPILER_GLOBAL_ACCENT_COLOR_NAME = AccentColor;
				CODE_SIGN_STYLE = Automatic;
				CURRENT_PROJECT_VERSION = 2;
				DEVELOPMENT_ASSET_PATHS = "\"KeyFolder/Preview Content\"";
				DEVELOPMENT_TEAM = H4Z42X3L6X;
				ENABLE_PREVIEWS = YES;
				GENERATE_INFOPLIST_FILE = YES;
				INFOPLIST_FILE = KeyFolder/Info.plist;
				INFOPLIST_KEY_NSPhotoLibraryUsageDescription = "Access the photo library for importing image files to folder.";
				INFOPLIST_KEY_NSUserTrackingUsageDescription = "It will be used to deliver personalized ads to you.";
				INFOPLIST_KEY_UIApplicationSceneManifest_Generation = YES;
				INFOPLIST_KEY_UIApplicationSupportsIndirectInputEvents = YES;
				INFOPLIST_KEY_UILaunchScreen_Generation = YES;
				INFOPLIST_KEY_UISupportedInterfaceOrientations_iPad = "UIInterfaceOrientationPortrait UIInterfaceOrientationPortraitUpsideDown UIInterfaceOrientationLandscapeLeft UIInterfaceOrientationLandscapeRight";
				INFOPLIST_KEY_UISupportedInterfaceOrientations_iPhone = "UIInterfaceOrientationPortrait UIInterfaceOrientationLandscapeLeft UIInterfaceOrientationLandscapeRight";
				IPHONEOS_DEPLOYMENT_TARGET = 15.1;
				LD_RUNPATH_SEARCH_PATHS = (
					"$(inherited)",
					"@executable_path/Frameworks",
				);
				MARKETING_VERSION = 1.0.0;
				OTHER_LDFLAGS = "-ObjC";
				PRODUCT_BUNDLE_IDENTIFIER = com.tnantoka.KeyFolder;
				PRODUCT_NAME = "$(TARGET_NAME)";
				SWIFT_EMIT_LOC_STRINGS = YES;
				SWIFT_VERSION = 5.0;
				TARGETED_DEVICE_FAMILY = "1,2";
			};
			name = Release;
		};
/* End XCBuildConfiguration section */

/* Begin XCConfigurationList section */
		9B8C35852A8B9A0D00B32879 /* Build configuration list for PBXProject "KeyFolder" */ = {
			isa = XCConfigurationList;
			buildConfigurations = (
				9B8C35962A8B9A0E00B32879 /* Debug */,
				9B8C35972A8B9A0E00B32879 /* Release */,
			);
			defaultConfigurationIsVisible = 0;
			defaultConfigurationName = Release;
		};
		9B8C35982A8B9A0E00B32879 /* Build configuration list for PBXNativeTarget "KeyFolder" */ = {
			isa = XCConfigurationList;
			buildConfigurations = (
				9B8C35992A8B9A0E00B32879 /* Debug */,
				9B8C359A2A8B9A0E00B32879 /* Release */,
			);
			defaultConfigurationIsVisible = 0;
			defaultConfigurationName = Release;
		};
/* End XCConfigurationList section */

/* Begin XCRemoteSwiftPackageReference section */
		9B8C35DD2A8BAFC000B32879 /* XCRemoteSwiftPackageReference "swift-package-manager-google-mobile-ads" */ = {
			isa = XCRemoteSwiftPackageReference;
			repositoryURL = "https://github.com/googleads/swift-package-manager-google-mobile-ads.git";
			requirement = {
				kind = upToNextMajorVersion;
				minimumVersion = 10.0.0;
			};
		};
		9B8C35EF2A905B3600B32879 /* XCRemoteSwiftPackageReference "keychain-swift" */ = {
			isa = XCRemoteSwiftPackageReference;
			repositoryURL = "https://github.com/evgenyneu/keychain-swift.git";
			requirement = {
				kind = upToNextMajorVersion;
				minimumVersion = 20.0.0;
			};
		};
/* End XCRemoteSwiftPackageReference section */

/* Begin XCSwiftPackageProductDependency section */
		9B8C35DE2A8BAFC000B32879 /* GoogleMobileAds */ = {
			isa = XCSwiftPackageProductDependency;
			package = 9B8C35DD2A8BAFC000B32879 /* XCRemoteSwiftPackageReference "swift-package-manager-google-mobile-ads" */;
			productName = GoogleMobileAds;
		};
		9B8C35F02A905B3600B32879 /* KeychainSwift */ = {
			isa = XCSwiftPackageProductDependency;
			package = 9B8C35EF2A905B3600B32879 /* XCRemoteSwiftPackageReference "keychain-swift" */;
			productName = KeychainSwift;
		};
/* End XCSwiftPackageProductDependency section */
	};
	rootObject = 9B8C35822A8B9A0D00B32879 /* Project object */;
}
